
Microsoft Visual Studio Solution File, Format Version 12.00
# Visual Studio Version 16
VisualStudioVersion = 16.0.29123.88
MinimumVisualStudioVersion = 10.0.40219.1
Project("{159641D6-6404-4A2A-AE62-294DE0FE8301}") = "Portal", "Portal.dtproj", "{1B00B106-9E54-45E0-98EF-D9D609B6C70C}"
EndProject
Global
	GlobalSection(SolutionConfigurationPlatforms) = preSolution
		Development|Default = Development|Default
	EndGlobalSection
	GlobalSection(ProjectConfigurationPlatforms) = postSolution
		{1B00B106-9E54-45E0-98EF-D9D609B6C70C}.Development|Default.ActiveCfg = Development
		{1B00B106-9E54-45E0-98EF-D9D609B6C70C}.Development|Default.Build.0 = Development
	EndGlobalSection
	GlobalSection(SolutionProperties) = preSolution
		HideSolutionNode = FALSE
	EndGlobalSection
	GlobalSection(ExtensibilityGlobals) = postSolution
		SolutionGuid = {A5CC20E2-600E-459C-972C-9876BE0F3D42}
	EndGlobalSection
EndGlobal
